// !$*UTF8*$!
{
	archiveVersion = 1;
	classes = {
	};
	objectVersion = 46;
	objects = {

/* Begin PBXBuildFile section */
		7D8555F31D1798A70017F1A4 /* main.m in Sources */ = {isa = PBXBuildFile; fileRef = 7D8555F21D1798A70017F1A4 /* main.m */; };
		7D8555F61D1798A70017F1A4 /* AppDelegate.m in Sources */ = {isa = PBXBuildFile; fileRef = 7D8555F51D1798A70017F1A4 /* AppDelegate.m */; };
		7D8555F91D1798A70017F1A4 /* ViewController.m in Sources */ = {isa = PBXBuildFile; fileRef = 7D8555F81D1798A70017F1A4 /* ViewController.m */; };
		7D8555FC1D1798A70017F1A4 /* Main.storyboard in Resources */ = {isa = PBXBuildFile; fileRef = 7D8555FA1D1798A70017F1A4 /* Main.storyboard */; };
		7D8555FE1D1798A70017F1A4 /* Assets.xcassets in Resources */ = {isa = PBXBuildFile; fileRef = 7D8555FD1D1798A70017F1A4 /* Assets.xcassets */; };
		7D8556011D1798A70017F1A4 /* LaunchScreen.storyboard in Resources */ = {isa = PBXBuildFile; fileRef = 7D8555FF1D1798A70017F1A4 /* LaunchScreen.storyboard */; };
		7D85560C1D1798A70017F1A4 /* XCImagePickerControllerTests.m in Sources */ = {isa = PBXBuildFile; fileRef = 7D85560B1D1798A70017F1A4 /* XCImagePickerControllerTests.m */; };
		7D8556171D1798A70017F1A4 /* XCImagePickerControllerUITests.m in Sources */ = {isa = PBXBuildFile; fileRef = 7D8556161D1798A70017F1A4 /* XCImagePickerControllerUITests.m */; };
		7D85563A1D17994B0017F1A4 /* XCAlbumViewController.m in Sources */ = {isa = PBXBuildFile; fileRef = 7D8556271D17994B0017F1A4 /* XCAlbumViewController.m */; };
		7D85563B1D17994B0017F1A4 /* XCPhohoViewController.m in Sources */ = {isa = PBXBuildFile; fileRef = 7D8556291D17994B0017F1A4 /* XCPhohoViewController.m */; };
		7D85563D1D17994B0017F1A4 /* XCAlbumModel.m in Sources */ = {isa = PBXBuildFile; fileRef = 7D85562E1D17994B0017F1A4 /* XCAlbumModel.m */; };
		7D85563E1D17994B0017F1A4 /* XCAssetModel.m in Sources */ = {isa = PBXBuildFile; fileRef = 7D8556301D17994B0017F1A4 /* XCAssetModel.m */; };
		7D85563F1D17994B0017F1A4 /* XCBaseModel.m in Sources */ = {isa = PBXBuildFile; fileRef = 7D8556321D17994B0017F1A4 /* XCBaseModel.m */; };
		7D8556401D17994B0017F1A4 /* XCPhotoLibraryManager.m in Sources */ = {isa = PBXBuildFile; fileRef = 7D8556341D17994B0017F1A4 /* XCPhotoLibraryManager.m */; };
		7D8556411D17994B0017F1A4 /* XCAlbumCell.m in Sources */ = {isa = PBXBuildFile; fileRef = 7D8556371D17994B0017F1A4 /* XCAlbumCell.m */; };
		7D8556421D17994B0017F1A4 /* XCPhotoCell.m in Sources */ = {isa = PBXBuildFile; fileRef = 7D8556391D17994B0017F1A4 /* XCPhotoCell.m */; };
		7D8556451D179A0C0017F1A4 /* XCImagePickerController.m in Sources */ = {isa = PBXBuildFile; fileRef = 7D8556441D179A0C0017F1A4 /* XCImagePickerController.m */; };
		7D8556611D17B2300017F1A4 /* MASCompositeConstraint.m in Sources */ = {isa = PBXBuildFile; fileRef = 7D8556491D17B2300017F1A4 /* MASCompositeConstraint.m */; };
		7D8556621D17B2300017F1A4 /* MASConstraint.m in Sources */ = {isa = PBXBuildFile; fileRef = 7D85564C1D17B2300017F1A4 /* MASConstraint.m */; };
		7D8556631D17B2300017F1A4 /* MASConstraintMaker.m in Sources */ = {isa = PBXBuildFile; fileRef = 7D85564E1D17B2300017F1A4 /* MASConstraintMaker.m */; };
		7D8556641D17B2300017F1A4 /* MASLayoutConstraint.m in Sources */ = {isa = PBXBuildFile; fileRef = 7D8556501D17B2300017F1A4 /* MASLayoutConstraint.m */; };
		7D8556651D17B2300017F1A4 /* MASViewAttribute.m in Sources */ = {isa = PBXBuildFile; fileRef = 7D8556541D17B2300017F1A4 /* MASViewAttribute.m */; };
		7D8556661D17B2300017F1A4 /* MASViewConstraint.m in Sources */ = {isa = PBXBuildFile; fileRef = 7D8556561D17B2300017F1A4 /* MASViewConstraint.m */; };
		7D8556671D17B2300017F1A4 /* NSArray+MASAdditions.m in Sources */ = {isa = PBXBuildFile; fileRef = 7D8556581D17B2300017F1A4 /* NSArray+MASAdditions.m */; };
		7D8556681D17B2300017F1A4 /* NSLayoutConstraint+MASDebugAdditions.m in Sources */ = {isa = PBXBuildFile; fileRef = 7D85565B1D17B2300017F1A4 /* NSLayoutConstraint+MASDebugAdditions.m */; };
		7D8556691D17B2300017F1A4 /* View+MASAdditions.m in Sources */ = {isa = PBXBuildFile; fileRef = 7D85565D1D17B2300017F1A4 /* View+MASAdditions.m */; };
		7D85566A1D17B2300017F1A4 /* ViewController+MASAdditions.m in Sources */ = {isa = PBXBuildFile; fileRef = 7D8556601D17B2300017F1A4 /* ViewController+MASAdditions.m */; };
		7D85566D1D17B37C0017F1A4 /* XCPhotoShowCell.m in Sources */ = {isa = PBXBuildFile; fileRef = 7D85566C1D17B37C0017F1A4 /* XCPhotoShowCell.m */; };
/* End PBXBuildFile section */

/* Begin PBXContainerItemProxy section */
		7D8556081D1798A70017F1A4 /* PBXContainerItemProxy */ = {
			isa = PBXContainerItemProxy;
			containerPortal = 7D8555E61D1798A70017F1A4 /* Project object */;
			proxyType = 1;
			remoteGlobalIDString = 7D8555ED1D1798A70017F1A4;
			remoteInfo = XCImagePickerController;
		};
		7D8556131D1798A70017F1A4 /* PBXContainerItemProxy */ = {
			isa = PBXContainerItemProxy;
			containerPortal = 7D8555E61D1798A70017F1A4 /* Project object */;
			proxyType = 1;
			remoteGlobalIDString = 7D8555ED1D1798A70017F1A4;
			remoteInfo = XCImagePickerController;
		};
/* End PBXContainerItemProxy section */

/* Begin PBXFileReference section */
		7D8555EE1D1798A70017F1A4 /* XCImagePickerController.app */ = {isa = PBXFileReference; explicitFileType = wrapper.application; includeInIndex = 0; path = XCImagePickerController.app; sourceTree = BUILT_PRODUCTS_DIR; };
		7D8555F21D1798A70017F1A4 /* main.m */ = {isa = PBXFileReference; lastKnownFileType = sourcecode.c.objc; path = main.m; sourceTree = "<group>"; };
		7D8555F41D1798A70017F1A4 /* AppDelegate.h */ = {isa = PBXFileReference; lastKnownFileType = sourcecode.c.h; path = AppDelegate.h; sourceTree = "<group>"; };
		7D8555F51D1798A70017F1A4 /* AppDelegate.m */ = {isa = PBXFileReference; lastKnownFileType = sourcecode.c.objc; path = AppDelegate.m; sourceTree = "<group>"; };
		7D8555F71D1798A70017F1A4 /* ViewController.h */ = {isa = PBXFileReference; lastKnownFileType = sourcecode.c.h; path = ViewController.h; sourceTree = "<group>"; };
		7D8555F81D1798A70017F1A4 /* ViewController.m */ = {isa = PBXFileReference; lastKnownFileType = sourcecode.c.objc; path = ViewController.m; sourceTree = "<group>"; };
		7D8555FB1D1798A70017F1A4 /* Base */ = {isa = PBXFileReference; lastKnownFileType = file.storyboard; name = Base; path = Base.lproj/Main.storyboard; sourceTree = "<group>"; };
		7D8555FD1D1798A70017F1A4 /* Assets.xcassets */ = {isa = PBXFileReference; lastKnownFileType = folder.assetcatalog; path = Assets.xcassets; sourceTree = "<group>"; };
		7D8556001D1798A70017F1A4 /* Base */ = {isa = PBXFileReference; lastKnownFileType = file.storyboard; name = Base; path = Base.lproj/LaunchScreen.storyboard; sourceTree = "<group>"; };
		7D8556021D1798A70017F1A4 /* Info.plist */ = {isa = PBXFileReference; lastKnownFileType = text.plist.xml; path = Info.plist; sourceTree = "<group>"; };
		7D8556071D1798A70017F1A4 /* XCImagePickerControllerTests.xctest */ = {isa = PBXFileReference; explicitFileType = wrapper.cfbundle; includeInIndex = 0; path = XCImagePickerControllerTests.xctest; sourceTree = BUILT_PRODUCTS_DIR; };
		7D85560B1D1798A70017F1A4 /* XCImagePickerControllerTests.m */ = {isa = PBXFileReference; lastKnownFileType = sourcecode.c.objc; path = XCImagePickerControllerTests.m; sourceTree = "<group>"; };
		7D85560D1D1798A70017F1A4 /* Info.plist */ = {isa = PBXFileReference; lastKnownFileType = text.plist.xml; path = Info.plist; sourceTree = "<group>"; };
		7D8556121D1798A70017F1A4 /* XCImagePickerControllerUITests.xctest */ = {isa = PBXFileReference; explicitFileType = wrapper.cfbundle; includeInIndex = 0; path = XCImagePickerControllerUITests.xctest; sourceTree = BUILT_PRODUCTS_DIR; };
		7D8556161D1798A70017F1A4 /* XCImagePickerControllerUITests.m */ = {isa = PBXFileReference; lastKnownFileType = sourcecode.c.objc; path = XCImagePickerControllerUITests.m; sourceTree = "<group>"; };
		7D8556181D1798A70017F1A4 /* Info.plist */ = {isa = PBXFileReference; lastKnownFileType = text.plist.xml; path = Info.plist; sourceTree = "<group>"; };
		7D8556261D17994B0017F1A4 /* XCAlbumViewController.h */ = {isa = PBXFileReference; fileEncoding = 4; lastKnownFileType = sourcecode.c.h; path = XCAlbumViewController.h; sourceTree = "<group>"; };
		7D8556271D17994B0017F1A4 /* XCAlbumViewController.m */ = {isa = PBXFileReference; fileEncoding = 4; lastKnownFileType = sourcecode.c.objc; path = XCAlbumViewController.m; sourceTree = "<group>"; };
		7D8556281D17994B0017F1A4 /* XCPhohoViewController.h */ = {isa = PBXFileReference; fileEncoding = 4; lastKnownFileType = sourcecode.c.h; path = XCPhohoViewController.h; sourceTree = "<group>"; };
		7D8556291D17994B0017F1A4 /* XCPhohoViewController.m */ = {isa = PBXFileReference; fileEncoding = 4; lastKnownFileType = sourcecode.c.objc; path = XCPhohoViewController.m; sourceTree = "<group>"; };
		7D85562D1D17994B0017F1A4 /* XCAlbumModel.h */ = {isa = PBXFileReference; fileEncoding = 4; lastKnownFileType = sourcecode.c.h; path = XCAlbumModel.h; sourceTree = "<group>"; };
		7D85562E1D17994B0017F1A4 /* XCAlbumModel.m */ = {isa = PBXFileReference; fileEncoding = 4; lastKnownFileType = sourcecode.c.objc; path = XCAlbumModel.m; sourceTree = "<group>"; };
		7D85562F1D17994B0017F1A4 /* XCAssetModel.h */ = {isa = PBXFileReference; fileEncoding = 4; lastKnownFileType = sourcecode.c.h; path = XCAssetModel.h; sourceTree = "<group>"; };
		7D8556301D17994B0017F1A4 /* XCAssetModel.m */ = {isa = PBXFileReference; fileEncoding = 4; lastKnownFileType = sourcecode.c.objc; path = XCAssetModel.m; sourceTree = "<group>"; };
		7D8556311D17994B0017F1A4 /* XCBaseModel.h */ = {isa = PBXFileReference; fileEncoding = 4; lastKnownFileType = sourcecode.c.h; path = XCBaseModel.h; sourceTree = "<group>"; };
		7D8556321D17994B0017F1A4 /* XCBaseModel.m */ = {isa = PBXFileReference; fileEncoding = 4; lastKnownFileType = sourcecode.c.objc; path = XCBaseModel.m; sourceTree = "<group>"; };
		7D8556331D17994B0017F1A4 /* XCPhotoLibraryManager.h */ = {isa = PBXFileReference; fileEncoding = 4; lastKnownFileType = sourcecode.c.h; path = XCPhotoLibraryManager.h; sourceTree = "<group>"; };
		7D8556341D17994B0017F1A4 /* XCPhotoLibraryManager.m */ = {isa = PBXFileReference; fileEncoding = 4; lastKnownFileType = sourcecode.c.objc; path = XCPhotoLibraryManager.m; sourceTree = "<group>"; };
		7D8556361D17994B0017F1A4 /* XCAlbumCell.h */ = {isa = PBXFileReference; fileEncoding = 4; lastKnownFileType = sourcecode.c.h; path = XCAlbumCell.h; sourceTree = "<group>"; };
		7D8556371D17994B0017F1A4 /* XCAlbumCell.m */ = {isa = PBXFileReference; fileEncoding = 4; lastKnownFileType = sourcecode.c.objc; path = XCAlbumCell.m; sourceTree = "<group>"; };
		7D8556381D17994B0017F1A4 /* XCPhotoCell.h */ = {isa = PBXFileReference; fileEncoding = 4; lastKnownFileType = sourcecode.c.h; path = XCPhotoCell.h; sourceTree = "<group>"; };
		7D8556391D17994B0017F1A4 /* XCPhotoCell.m */ = {isa = PBXFileReference; fileEncoding = 4; lastKnownFileType = sourcecode.c.objc; path = XCPhotoCell.m; sourceTree = "<group>"; };
		7D8556431D179A0C0017F1A4 /* XCImagePickerController.h */ = {isa = PBXFileReference; fileEncoding = 4; lastKnownFileType = sourcecode.c.h; path = XCImagePickerController.h; sourceTree = "<group>"; };
		7D8556441D179A0C0017F1A4 /* XCImagePickerController.m */ = {isa = PBXFileReference; fileEncoding = 4; lastKnownFileType = sourcecode.c.objc; path = XCImagePickerController.m; sourceTree = "<group>"; };
		7D8556461D179A7A0017F1A4 /* PrefixHeader.pch */ = {isa = PBXFileReference; fileEncoding = 4; lastKnownFileType = sourcecode.c.h; path = PrefixHeader.pch; sourceTree = "<group>"; };
		7D8556481D17B2300017F1A4 /* MASCompositeConstraint.h */ = {isa = PBXFileReference; fileEncoding = 4; lastKnownFileType = sourcecode.c.h; path = MASCompositeConstraint.h; sourceTree = "<group>"; };
		7D8556491D17B2300017F1A4 /* MASCompositeConstraint.m */ = {isa = PBXFileReference; fileEncoding = 4; lastKnownFileType = sourcecode.c.objc; path = MASCompositeConstraint.m; sourceTree = "<group>"; };
		7D85564A1D17B2300017F1A4 /* MASConstraint+Private.h */ = {isa = PBXFileReference; fileEncoding = 4; lastKnownFileType = sourcecode.c.h; path = "MASConstraint+Private.h"; sourceTree = "<group>"; };
		7D85564B1D17B2300017F1A4 /* MASConstraint.h */ = {isa = PBXFileReference; fileEncoding = 4; lastKnownFileType = sourcecode.c.h; path = MASConstraint.h; sourceTree = "<group>"; };
		7D85564C1D17B2300017F1A4 /* MASConstraint.m */ = {isa = PBXFileReference; fileEncoding = 4; lastKnownFileType = sourcecode.c.objc; path = MASConstraint.m; sourceTree = "<group>"; };
		7D85564D1D17B2300017F1A4 /* MASConstraintMaker.h */ = {isa = PBXFileReference; fileEncoding = 4; lastKnownFileType = sourcecode.c.h; path = MASConstraintMaker.h; sourceTree = "<group>"; };
		7D85564E1D17B2300017F1A4 /* MASConstraintMaker.m */ = {isa = PBXFileReference; fileEncoding = 4; lastKnownFileType = sourcecode.c.objc; path = MASConstraintMaker.m; sourceTree = "<group>"; };
		7D85564F1D17B2300017F1A4 /* MASLayoutConstraint.h */ = {isa = PBXFileReference; fileEncoding = 4; lastKnownFileType = sourcecode.c.h; path = MASLayoutConstraint.h; sourceTree = "<group>"; };
		7D8556501D17B2300017F1A4 /* MASLayoutConstraint.m */ = {isa = PBXFileReference; fileEncoding = 4; lastKnownFileType = sourcecode.c.objc; path = MASLayoutConstraint.m; sourceTree = "<group>"; };
		7D8556511D17B2300017F1A4 /* Masonry.h */ = {isa = PBXFileReference; fileEncoding = 4; lastKnownFileType = sourcecode.c.h; path = Masonry.h; sourceTree = "<group>"; };
		7D8556521D17B2300017F1A4 /* MASUtilities.h */ = {isa = PBXFileReference; fileEncoding = 4; lastKnownFileType = sourcecode.c.h; path = MASUtilities.h; sourceTree = "<group>"; };
		7D8556531D17B2300017F1A4 /* MASViewAttribute.h */ = {isa = PBXFileReference; fileEncoding = 4; lastKnownFileType = sourcecode.c.h; path = MASViewAttribute.h; sourceTree = "<group>"; };
		7D8556541D17B2300017F1A4 /* MASViewAttribute.m */ = {isa = PBXFileReference; fileEncoding = 4; lastKnownFileType = sourcecode.c.objc; path = MASViewAttribute.m; sourceTree = "<group>"; };
		7D8556551D17B2300017F1A4 /* MASViewConstraint.h */ = {isa = PBXFileReference; fileEncoding = 4; lastKnownFileType = sourcecode.c.h; path = MASViewConstraint.h; sourceTree = "<group>"; };
		7D8556561D17B2300017F1A4 /* MASViewConstraint.m */ = {isa = PBXFileReference; fileEncoding = 4; lastKnownFileType = sourcecode.c.objc; path = MASViewConstraint.m; sourceTree = "<group>"; };
		7D8556571D17B2300017F1A4 /* NSArray+MASAdditions.h */ = {isa = PBXFileReference; fileEncoding = 4; lastKnownFileType = sourcecode.c.h; path = "NSArray+MASAdditions.h"; sourceTree = "<group>"; };
		7D8556581D17B2300017F1A4 /* NSArray+MASAdditions.m */ = {isa = PBXFileReference; fileEncoding = 4; lastKnownFileType = sourcecode.c.objc; path = "NSArray+MASAdditions.m"; sourceTree = "<group>"; };
		7D8556591D17B2300017F1A4 /* NSArray+MASShorthandAdditions.h */ = {isa = PBXFileReference; fileEncoding = 4; lastKnownFileType = sourcecode.c.h; path = "NSArray+MASShorthandAdditions.h"; sourceTree = "<group>"; };
		7D85565A1D17B2300017F1A4 /* NSLayoutConstraint+MASDebugAdditions.h */ = {isa = PBXFileReference; fileEncoding = 4; lastKnownFileType = sourcecode.c.h; path = "NSLayoutConstraint+MASDebugAdditions.h"; sourceTree = "<group>"; };
		7D85565B1D17B2300017F1A4 /* NSLayoutConstraint+MASDebugAdditions.m */ = {isa = PBXFileReference; fileEncoding = 4; lastKnownFileType = sourcecode.c.objc; path = "NSLayoutConstraint+MASDebugAdditions.m"; sourceTree = "<group>"; };
		7D85565C1D17B2300017F1A4 /* View+MASAdditions.h */ = {isa = PBXFileReference; fileEncoding = 4; lastKnownFileType = sourcecode.c.h; path = "View+MASAdditions.h"; sourceTree = "<group>"; };
		7D85565D1D17B2300017F1A4 /* View+MASAdditions.m */ = {isa = PBXFileReference; fileEncoding = 4; lastKnownFileType = sourcecode.c.objc; path = "View+MASAdditions.m"; sourceTree = "<group>"; };
		7D85565E1D17B2300017F1A4 /* View+MASShorthandAdditions.h */ = {isa = PBXFileReference; fileEncoding = 4; lastKnownFileType = sourcecode.c.h; path = "View+MASShorthandAdditions.h"; sourceTree = "<group>"; };
		7D85565F1D17B2300017F1A4 /* ViewController+MASAdditions.h */ = {isa = PBXFileReference; fileEncoding = 4; lastKnownFileType = sourcecode.c.h; path = "ViewController+MASAdditions.h"; sourceTree = "<group>"; };
		7D8556601D17B2300017F1A4 /* ViewController+MASAdditions.m */ = {isa = PBXFileReference; fileEncoding = 4; lastKnownFileType = sourcecode.c.objc; path = "ViewController+MASAdditions.m"; sourceTree = "<group>"; };
		7D85566B1D17B37C0017F1A4 /* XCPhotoShowCell.h */ = {isa = PBXFileReference; fileEncoding = 4; lastKnownFileType = sourcecode.c.h; path = XCPhotoShowCell.h; sourceTree = "<group>"; };
		7D85566C1D17B37C0017F1A4 /* XCPhotoShowCell.m */ = {isa = PBXFileReference; fileEncoding = 4; lastKnownFileType = sourcecode.c.objc; path = XCPhotoShowCell.m; sourceTree = "<group>"; };
/* End PBXFileReference section */

/* Begin PBXFrameworksBuildPhase section */
		7D8555EB1D1798A70017F1A4 /* Frameworks */ = {
			isa = PBXFrameworksBuildPhase;
			buildActionMask = 2147483647;
			files = (
			);
			runOnlyForDeploymentPostprocessing = 0;
		};
		7D8556041D1798A70017F1A4 /* Frameworks */ = {
			isa = PBXFrameworksBuildPhase;
			buildActionMask = 2147483647;
			files = (
			);
			runOnlyForDeploymentPostprocessing = 0;
		};
		7D85560F1D1798A70017F1A4 /* Frameworks */ = {
			isa = PBXFrameworksBuildPhase;
			buildActionMask = 2147483647;
			files = (
			);
			runOnlyForDeploymentPostprocessing = 0;
		};
/* End PBXFrameworksBuildPhase section */

/* Begin PBXGroup section */
		7D8555E51D1798A70017F1A4 = {
			isa = PBXGroup;
			children = (
				7D8555F01D1798A70017F1A4 /* XCImagePickerController */,
				7D85560A1D1798A70017F1A4 /* XCImagePickerControllerTests */,
				7D8556151D1798A70017F1A4 /* XCImagePickerControllerUITests */,
				7D8555EF1D1798A70017F1A4 /* Products */,
			);
			sourceTree = "<group>";
		};
		7D8555EF1D1798A70017F1A4 /* Products */ = {
			isa = PBXGroup;
			children = (
				7D8555EE1D1798A70017F1A4 /* XCImagePickerController.app */,
				7D8556071D1798A70017F1A4 /* XCImagePickerControllerTests.xctest */,
				7D8556121D1798A70017F1A4 /* XCImagePickerControllerUITests.xctest */,
			);
			name = Products;
			sourceTree = "<group>";
		};
		7D8555F01D1798A70017F1A4 /* XCImagePickerController */ = {
			isa = PBXGroup;
			children = (
				7D8556471D17B2300017F1A4 /* Masonry */,
				7D8556241D17994B0017F1A4 /* XCImagePickerController */,
				7D8555F41D1798A70017F1A4 /* AppDelegate.h */,
				7D8555F51D1798A70017F1A4 /* AppDelegate.m */,
				7D8555F71D1798A70017F1A4 /* ViewController.h */,
				7D8555F81D1798A70017F1A4 /* ViewController.m */,
				7D85566B1D17B37C0017F1A4 /* XCPhotoShowCell.h */,
				7D85566C1D17B37C0017F1A4 /* XCPhotoShowCell.m */,
				7D8555FA1D1798A70017F1A4 /* Main.storyboard */,
				7D8555FD1D1798A70017F1A4 /* Assets.xcassets */,
				7D8555FF1D1798A70017F1A4 /* LaunchScreen.storyboard */,
				7D8556021D1798A70017F1A4 /* Info.plist */,
				7D8555F11D1798A70017F1A4 /* Supporting Files */,
			);
			path = XCImagePickerController;
			sourceTree = "<group>";
		};
		7D8555F11D1798A70017F1A4 /* Supporting Files */ = {
			isa = PBXGroup;
			children = (
				7D8555F21D1798A70017F1A4 /* main.m */,
				7D8556461D179A7A0017F1A4 /* PrefixHeader.pch */,
			);
			name = "Supporting Files";
			sourceTree = "<group>";
		};
		7D85560A1D1798A70017F1A4 /* XCImagePickerControllerTests */ = {
			isa = PBXGroup;
			children = (
				7D85560B1D1798A70017F1A4 /* XCImagePickerControllerTests.m */,
				7D85560D1D1798A70017F1A4 /* Info.plist */,
			);
			path = XCImagePickerControllerTests;
			sourceTree = "<group>";
		};
		7D8556151D1798A70017F1A4 /* XCImagePickerControllerUITests */ = {
			isa = PBXGroup;
			children = (
				7D8556161D1798A70017F1A4 /* XCImagePickerControllerUITests.m */,
				7D8556181D1798A70017F1A4 /* Info.plist */,
			);
			path = XCImagePickerControllerUITests;
			sourceTree = "<group>";
		};
		7D8556241D17994B0017F1A4 /* XCImagePickerController */ = {
			isa = PBXGroup;
			children = (
				7D8556251D17994B0017F1A4 /* Contorller */,
				7D85562C1D17994B0017F1A4 /* Model */,
				7D8556351D17994B0017F1A4 /* View */,
			);
			path = XCImagePickerController;
			sourceTree = "<group>";
		};
		7D8556251D17994B0017F1A4 /* Contorller */ = {
			isa = PBXGroup;
			children = (
				7D8556431D179A0C0017F1A4 /* XCImagePickerController.h */,
				7D8556441D179A0C0017F1A4 /* XCImagePickerController.m */,
				7D8556261D17994B0017F1A4 /* XCAlbumViewController.h */,
				7D8556271D17994B0017F1A4 /* XCAlbumViewController.m */,
				7D8556281D17994B0017F1A4 /* XCPhohoViewController.h */,
				7D8556291D17994B0017F1A4 /* XCPhohoViewController.m */,
			);
			path = Contorller;
			sourceTree = "<group>";
		};
		7D85562C1D17994B0017F1A4 /* Model */ = {
			isa = PBXGroup;
			children = (
				7D8556311D17994B0017F1A4 /* XCBaseModel.h */,
				7D8556321D17994B0017F1A4 /* XCBaseModel.m */,
				7D85562D1D17994B0017F1A4 /* XCAlbumModel.h */,
				7D85562E1D17994B0017F1A4 /* XCAlbumModel.m */,
				7D85562F1D17994B0017F1A4 /* XCAssetModel.h */,
				7D8556301D17994B0017F1A4 /* XCAssetModel.m */,
				7D8556331D17994B0017F1A4 /* XCPhotoLibraryManager.h */,
				7D8556341D17994B0017F1A4 /* XCPhotoLibraryManager.m */,
			);
			path = Model;
			sourceTree = "<group>";
		};
		7D8556351D17994B0017F1A4 /* View */ = {
			isa = PBXGroup;
			children = (
				7D8556361D17994B0017F1A4 /* XCAlbumCell.h */,
				7D8556371D17994B0017F1A4 /* XCAlbumCell.m */,
				7D8556381D17994B0017F1A4 /* XCPhotoCell.h */,
				7D8556391D17994B0017F1A4 /* XCPhotoCell.m */,
			);
			path = View;
			sourceTree = "<group>";
		};
		7D8556471D17B2300017F1A4 /* Masonry */ = {
			isa = PBXGroup;
			children = (
				7D8556481D17B2300017F1A4 /* MASCompositeConstraint.h */,
				7D8556491D17B2300017F1A4 /* MASCompositeConstraint.m */,
				7D85564A1D17B2300017F1A4 /* MASConstraint+Private.h */,
				7D85564B1D17B2300017F1A4 /* MASConstraint.h */,
				7D85564C1D17B2300017F1A4 /* MASConstraint.m */,
				7D85564D1D17B2300017F1A4 /* MASConstraintMaker.h */,
				7D85564E1D17B2300017F1A4 /* MASConstraintMaker.m */,
				7D85564F1D17B2300017F1A4 /* MASLayoutConstraint.h */,
				7D8556501D17B2300017F1A4 /* MASLayoutConstraint.m */,
				7D8556511D17B2300017F1A4 /* Masonry.h */,
				7D8556521D17B2300017F1A4 /* MASUtilities.h */,
				7D8556531D17B2300017F1A4 /* MASViewAttribute.h */,
				7D8556541D17B2300017F1A4 /* MASViewAttribute.m */,
				7D8556551D17B2300017F1A4 /* MASViewConstraint.h */,
				7D8556561D17B2300017F1A4 /* MASViewConstraint.m */,
				7D8556571D17B2300017F1A4 /* NSArray+MASAdditions.h */,
				7D8556581D17B2300017F1A4 /* NSArray+MASAdditions.m */,
				7D8556591D17B2300017F1A4 /* NSArray+MASShorthandAdditions.h */,
				7D85565A1D17B2300017F1A4 /* NSLayoutConstraint+MASDebugAdditions.h */,
				7D85565B1D17B2300017F1A4 /* NSLayoutConstraint+MASDebugAdditions.m */,
				7D85565C1D17B2300017F1A4 /* View+MASAdditions.h */,
				7D85565D1D17B2300017F1A4 /* View+MASAdditions.m */,
				7D85565E1D17B2300017F1A4 /* View+MASShorthandAdditions.h */,
				7D85565F1D17B2300017F1A4 /* ViewController+MASAdditions.h */,
				7D8556601D17B2300017F1A4 /* ViewController+MASAdditions.m */,
			);
			path = Masonry;
			sourceTree = "<group>";
		};
/* End PBXGroup section */

/* Begin PBXNativeTarget section */
		7D8555ED1D1798A70017F1A4 /* XCImagePickerController */ = {
			isa = PBXNativeTarget;
			buildConfigurationList = 7D85561B1D1798A70017F1A4 /* Build configuration list for PBXNativeTarget "XCImagePickerController" */;
			buildPhases = (
				7D8555EA1D1798A70017F1A4 /* Sources */,
				7D8555EB1D1798A70017F1A4 /* Frameworks */,
				7D8555EC1D1798A70017F1A4 /* Resources */,
			);
			buildRules = (
			);
			dependencies = (
			);
			name = XCImagePickerController;
			productName = XCImagePickerController;
			productReference = 7D8555EE1D1798A70017F1A4 /* XCImagePickerController.app */;
			productType = "com.apple.product-type.application";
		};
		7D8556061D1798A70017F1A4 /* XCImagePickerControllerTests */ = {
			isa = PBXNativeTarget;
			buildConfigurationList = 7D85561E1D1798A70017F1A4 /* Build configuration list for PBXNativeTarget "XCImagePickerControllerTests" */;
			buildPhases = (
				7D8556031D1798A70017F1A4 /* Sources */,
				7D8556041D1798A70017F1A4 /* Frameworks */,
				7D8556051D1798A70017F1A4 /* Resources */,
			);
			buildRules = (
			);
			dependencies = (
				7D8556091D1798A70017F1A4 /* PBXTargetDependency */,
			);
			name = XCImagePickerControllerTests;
			productName = XCImagePickerControllerTests;
			productReference = 7D8556071D1798A70017F1A4 /* XCImagePickerControllerTests.xctest */;
			productType = "com.apple.product-type.bundle.unit-test";
		};
		7D8556111D1798A70017F1A4 /* XCImagePickerControllerUITests */ = {
			isa = PBXNativeTarget;
			buildConfigurationList = 7D8556211D1798A70017F1A4 /* Build configuration list for PBXNativeTarget "XCImagePickerControllerUITests" */;
			buildPhases = (
				7D85560E1D1798A70017F1A4 /* Sources */,
				7D85560F1D1798A70017F1A4 /* Frameworks */,
				7D8556101D1798A70017F1A4 /* Resources */,
			);
			buildRules = (
			);
			dependencies = (
				7D8556141D1798A70017F1A4 /* PBXTargetDependency */,
			);
			name = XCImagePickerControllerUITests;
			productName = XCImagePickerControllerUITests;
			productReference = 7D8556121D1798A70017F1A4 /* XCImagePickerControllerUITests.xctest */;
			productType = "com.apple.product-type.bundle.ui-testing";
		};
/* End PBXNativeTarget section */

/* Begin PBXProject section */
		7D8555E61D1798A70017F1A4 /* Project object */ = {
			isa = PBXProject;
			attributes = {
				CLASSPREFIX = XC;
				LastUpgradeCheck = 0730;
				ORGANIZATIONNAME = "小蔡";
				TargetAttributes = {
					7D8555ED1D1798A70017F1A4 = {
						CreatedOnToolsVersion = 7.3;
						DevelopmentTeam = G46AB7H388;
					};
					7D8556061D1798A70017F1A4 = {
						CreatedOnToolsVersion = 7.3;
						TestTargetID = 7D8555ED1D1798A70017F1A4;
					};
					7D8556111D1798A70017F1A4 = {
						CreatedOnToolsVersion = 7.3;
						TestTargetID = 7D8555ED1D1798A70017F1A4;
					};
				};
			};
			buildConfigurationList = 7D8555E91D1798A70017F1A4 /* Build configuration list for PBXProject "XCImagePickerController" */;
			compatibilityVersion = "Xcode 3.2";
			developmentRegion = English;
			hasScannedForEncodings = 0;
			knownRegions = (
				en,
				Base,
			);
			mainGroup = 7D8555E51D1798A70017F1A4;
			productRefGroup = 7D8555EF1D1798A70017F1A4 /* Products */;
			projectDirPath = "";
			projectRoot = "";
			targets = (
				7D8555ED1D1798A70017F1A4 /* XCImagePickerController */,
				7D8556061D1798A70017F1A4 /* XCImagePickerControllerTests */,
				7D8556111D1798A70017F1A4 /* XCImagePickerControllerUITests */,
			);
		};
/* End PBXProject section */

/* Begin PBXResourcesBuildPhase section */
		7D8555EC1D1798A70017F1A4 /* Resources */ = {
			isa = PBXResourcesBuildPhase;
			buildActionMask = 2147483647;
			files = (
				7D8556011D1798A70017F1A4 /* LaunchScreen.storyboard in Resources */,
				7D8555FE1D1798A70017F1A4 /* Assets.xcassets in Resources */,
				7D8555FC1D1798A70017F1A4 /* Main.storyboard in Resources */,
			);
			runOnlyForDeploymentPostprocessing = 0;
		};
		7D8556051D1798A70017F1A4 /* Resources */ = {
			isa = PBXResourcesBuildPhase;
			buildActionMask = 2147483647;
			files = (
			);
			runOnlyForDeploymentPostprocessing = 0;
		};
		7D8556101D1798A70017F1A4 /* Resources */ = {
			isa = PBXResourcesBuildPhase;
			buildActionMask = 2147483647;
			files = (
			);
			runOnlyForDeploymentPostprocessing = 0;
		};
/* End PBXResourcesBuildPhase section */

/* Begin PBXSourcesBuildPhase section */
		7D8555EA1D1798A70017F1A4 /* Sources */ = {
			isa = PBXSourcesBuildPhase;
			buildActionMask = 2147483647;
			files = (
				7D8555F91D1798A70017F1A4 /* ViewController.m in Sources */,
				7D8556671D17B2300017F1A4 /* NSArray+MASAdditions.m in Sources */,
				7D85563A1D17994B0017F1A4 /* XCAlbumViewController.m in Sources */,
				7D8556681D17B2300017F1A4 /* NSLayoutConstraint+MASDebugAdditions.m in Sources */,
				7D85563D1D17994B0017F1A4 /* XCAlbumModel.m in Sources */,
				7D85563F1D17994B0017F1A4 /* XCBaseModel.m in Sources */,
				7D8556651D17B2300017F1A4 /* MASViewAttribute.m in Sources */,
				7D8556641D17B2300017F1A4 /* MASLayoutConstraint.m in Sources */,
				7D8556611D17B2300017F1A4 /* MASCompositeConstraint.m in Sources */,
				7D8555F61D1798A70017F1A4 /* AppDelegate.m in Sources */,
				7D8556421D17994B0017F1A4 /* XCPhotoCell.m in Sources */,
				7D8556661D17B2300017F1A4 /* MASViewConstraint.m in Sources */,
				7D8556411D17994B0017F1A4 /* XCAlbumCell.m in Sources */,
				7D8556401D17994B0017F1A4 /* XCPhotoLibraryManager.m in Sources */,
				7D8555F31D1798A70017F1A4 /* main.m in Sources */,
				7D85566D1D17B37C0017F1A4 /* XCPhotoShowCell.m in Sources */,
				7D85563E1D17994B0017F1A4 /* XCAssetModel.m in Sources */,
				7D85566A1D17B2300017F1A4 /* ViewController+MASAdditions.m in Sources */,
				7D8556631D17B2300017F1A4 /* MASConstraintMaker.m in Sources */,
				7D85563B1D17994B0017F1A4 /* XCPhohoViewController.m in Sources */,
				7D8556621D17B2300017F1A4 /* MASConstraint.m in Sources */,
				7D8556451D179A0C0017F1A4 /* XCImagePickerController.m in Sources */,
				7D8556691D17B2300017F1A4 /* View+MASAdditions.m in Sources */,
			);
			runOnlyForDeploymentPostprocessing = 0;
		};
		7D8556031D1798A70017F1A4 /* Sources */ = {
			isa = PBXSourcesBuildPhase;
			buildActionMask = 2147483647;
			files = (
				7D85560C1D1798A70017F1A4 /* XCImagePickerControllerTests.m in Sources */,
			);
			runOnlyForDeploymentPostprocessing = 0;
		};
		7D85560E1D1798A70017F1A4 /* Sources */ = {
			isa = PBXSourcesBuildPhase;
			buildActionMask = 2147483647;
			files = (
				7D8556171D1798A70017F1A4 /* XCImagePickerControllerUITests.m in Sources */,
			);
			runOnlyForDeploymentPostprocessing = 0;
		};
/* End PBXSourcesBuildPhase section */

/* Begin PBXTargetDependency section */
		7D8556091D1798A70017F1A4 /* PBXTargetDependency */ = {
			isa = PBXTargetDependency;
			target = 7D8555ED1D1798A70017F1A4 /* XCImagePickerController */;
			targetProxy = 7D8556081D1798A70017F1A4 /* PBXContainerItemProxy */;
		};
		7D8556141D1798A70017F1A4 /* PBXTargetDependency */ = {
			isa = PBXTargetDependency;
			target = 7D8555ED1D1798A70017F1A4 /* XCImagePickerController */;
			targetProxy = 7D8556131D1798A70017F1A4 /* PBXContainerItemProxy */;
		};
/* End PBXTargetDependency section */

/* Begin PBXVariantGroup section */
		7D8555FA1D1798A70017F1A4 /* Main.storyboard */ = {
			isa = PBXVariantGroup;
			children = (
				7D8555FB1D1798A70017F1A4 /* Base */,
			);
			name = Main.storyboard;
			sourceTree = "<group>";
		};
		7D8555FF1D1798A70017F1A4 /* LaunchScreen.storyboard */ = {
			isa = PBXVariantGroup;
			children = (
				7D8556001D1798A70017F1A4 /* Base */,
			);
			name = LaunchScreen.storyboard;
			sourceTree = "<group>";
		};
/* End PBXVariantGroup section */

/* Begin XCBuildConfiguration section */
		7D8556191D1798A70017F1A4 /* Debug */ = {
			isa = XCBuildConfiguration;
			buildSettings = {
				ALWAYS_SEARCH_USER_PATHS = NO;
				CLANG_ANALYZER_NONNULL = YES;
				CLANG_CXX_LANGUAGE_STANDARD = "gnu++0x";
				CLANG_CXX_LIBRARY = "libc++";
				CLANG_ENABLE_MODULES = YES;
				CLANG_ENABLE_OBJC_ARC = YES;
				CLANG_WARN_BOOL_CONVERSION = YES;
				CLANG_WARN_CONSTANT_CONVERSION = YES;
				CLANG_WARN_DIRECT_OBJC_ISA_USAGE = YES_ERROR;
				CLANG_WARN_EMPTY_BODY = YES;
				CLANG_WARN_ENUM_CONVERSION = YES;
				CLANG_WARN_INT_CONVERSION = YES;
				CLANG_WARN_OBJC_ROOT_CLASS = YES_ERROR;
				CLANG_WARN_UNREACHABLE_CODE = YES;
				CLANG_WARN__DUPLICATE_METHOD_MATCH = YES;
				"CODE_SIGN_IDENTITY[sdk=iphoneos*]" = "iPhone Developer";
				COPY_PHASE_STRIP = NO;
				DEBUG_INFORMATION_FORMAT = dwarf;
				ENABLE_STRICT_OBJC_MSGSEND = YES;
				ENABLE_TESTABILITY = YES;
				GCC_C_LANGUAGE_STANDARD = gnu99;
				GCC_DYNAMIC_NO_PIC = NO;
				GCC_NO_COMMON_BLOCKS = YES;
				GCC_OPTIMIZATION_LEVEL = 0;
				GCC_PREPROCESSOR_DEFINITIONS = (
					"DEBUG=1",
					"$(inherited)",
				);
				GCC_WARN_64_TO_32_BIT_CONVERSION = YES;
				GCC_WARN_ABOUT_RETURN_TYPE = YES_ERROR;
				GCC_WARN_UNDECLARED_SELECTOR = YES;
				GCC_WARN_UNINITIALIZED_AUTOS = YES_AGGRESSIVE;
				GCC_WARN_UNUSED_FUNCTION = YES;
				GCC_WARN_UNUSED_VARIABLE = YES;
				IPHONEOS_DEPLOYMENT_TARGET = 9.3;
				MTL_ENABLE_DEBUG_INFO = YES;
				ONLY_ACTIVE_ARCH = YES;
				SDKROOT = iphoneos;
			};
			name = Debug;
		};
		7D85561A1D1798A70017F1A4 /* Release */ = {
			isa = XCBuildConfiguration;
			buildSettings = {
				ALWAYS_SEARCH_USER_PATHS = NO;
				CLANG_ANALYZER_NONNULL = YES;
				CLANG_CXX_LANGUAGE_STANDARD = "gnu++0x";
				CLANG_CXX_LIBRARY = "libc++";
				CLANG_ENABLE_MODULES = YES;
				CLANG_ENABLE_OBJC_ARC = YES;
				CLANG_WARN_BOOL_CONVERSION = YES;
				CLANG_WARN_CONSTANT_CONVERSION = YES;
				CLANG_WARN_DIRECT_OBJC_ISA_USAGE = YES_ERROR;
				CLANG_WARN_EMPTY_BODY = YES;
				CLANG_WARN_ENUM_CONVERSION = YES;
				CLANG_WARN_INT_CONVERSION = YES;
				CLANG_WARN_OBJC_ROOT_CLASS = YES_ERROR;
				CLANG_WARN_UNREACHABLE_CODE = YES;
				CLANG_WARN__DUPLICATE_METHOD_MATCH = YES;
				"CODE_SIGN_IDENTITY[sdk=iphoneos*]" = "iPhone Developer";
				COPY_PHASE_STRIP = NO;
				DEBUG_INFORMATION_FORMAT = "dwarf-with-dsym";
				ENABLE_NS_ASSERTIONS = NO;
				ENABLE_STRICT_OBJC_MSGSEND = YES;
				GCC_C_LANGUAGE_STANDARD = gnu99;
				GCC_NO_COMMON_BLOCKS = YES;
				GCC_WARN_64_TO_32_BIT_CONVERSION = YES;
				GCC_WARN_ABOUT_RETURN_TYPE = YES_ERROR;
				GCC_WARN_UNDECLARED_SELECTOR = YES;
				GCC_WARN_UNINITIALIZED_AUTOS = YES_AGGRESSIVE;
				GCC_WARN_UNUSED_FUNCTION = YES;
				GCC_WARN_UNUSED_VARIABLE = YES;
				IPHONEOS_DEPLOYMENT_TARGET = 9.3;
				MTL_ENABLE_DEBUG_INFO = NO;
				SDKROOT = iphoneos;
				VALIDATE_PRODUCT = YES;
			};
			name = Release;
		};
		7D85561C1D1798A70017F1A4 /* Debug */ = {
			isa = XCBuildConfiguration;
			buildSettings = {
				ASSETCATALOG_COMPILER_APPICON_NAME = AppIcon;
				CODE_SIGN_IDENTITY = "iPhone Developer";
				GCC_PREFIX_HEADER = /Users/iwant/Desktop/XCImagePickerController/XCImagePickerController/PrefixHeader.pch;
				HEADER_SEARCH_PATHS = "";
				INFOPLIST_FILE = XCImagePickerController/Info.plist;
				IPHONEOS_DEPLOYMENT_TARGET = 7.0;
				LD_RUNPATH_SEARCH_PATHS = "$(inherited) @executable_path/Frameworks";
				PRODUCT_BUNDLE_IDENTIFIER = com.ssdf.zc;
				PRODUCT_NAME = "$(TARGET_NAME)";
				PROVISIONING_PROFILE = "941d138c-a71c-4de9-8fe2-0050a44207d0";
			};
			name = Debug;
		};
		7D85561D1D1798A70017F1A4 /* Release */ = {
			isa = XCBuildConfiguration;
			buildSettings = {
				ASSETCATALOG_COMPILER_APPICON_NAME = AppIcon;
				CODE_SIGN_IDENTITY = "iPhone Developer";
				GCC_PREFIX_HEADER = /Users/iwant/Desktop/XCImagePickerController/XCImagePickerController/PrefixHeader.pch;
				HEADER_SEARCH_PATHS = "";
				INFOPLIST_FILE = XCImagePickerController/Info.plist;
				IPHONEOS_DEPLOYMENT_TARGET = 7.0;
				LD_RUNPATH_SEARCH_PATHS = "$(inherited) @executable_path/Frameworks";
				PRODUCT_BUNDLE_IDENTIFIER = com.ssdf.zc;
				PRODUCT_NAME = "$(TARGET_NAME)";
				PROVISIONING_PROFILE = "941d138c-a71c-4de9-8fe2-0050a44207d0";
			};
			name = Release;
		};
		7D85561F1D1798A70017F1A4 /* Debug */ = {
			isa = XCBuildConfiguration;
			buildSettings = {
				BUNDLE_LOADER = "$(TEST_HOST)";
				INFOPLIST_FILE = XCImagePickerControllerTests/Info.plist;
				LD_RUNPATH_SEARCH_PATHS = "$(inherited) @executable_path/Frameworks @loader_path/Frameworks";
				PRODUCT_BUNDLE_IDENTIFIER = com.ssdf.zc.XCImagePickerControllerTests;
				PRODUCT_NAME = "$(TARGET_NAME)";
				TEST_HOST = "$(BUILT_PRODUCTS_DIR)/XCImagePickerController.app/XCImagePickerController";
			};
			name = Debug;
		};
		7D8556201D1798A70017F1A4 /* Release */ = {
			isa = XCBuildConfiguration;
			buildSettings = {
				BUNDLE_LOADER = "$(TEST_HOST)";
				INFOPLIST_FILE = XCImagePickerControllerTests/Info.plist;
				LD_RUNPATH_SEARCH_PATHS = "$(inherited) @executable_path/Frameworks @loader_path/Frameworks";
				PRODUCT_BUNDLE_IDENTIFIER = com.ssdf.zc.XCImagePickerControllerTests;
				PRODUCT_NAME = "$(TARGET_NAME)";
				TEST_HOST = "$(BUILT_PRODUCTS_DIR)/XCImagePickerController.app/XCImagePickerController";
			};
			name = Release;
		};
		7D8556221D1798A70017F1A4 /* Debug */ = {
			isa = XCBuildConfiguration;
			buildSettings = {
				INFOPLIST_FILE = XCImagePickerControllerUITests/Info.plist;
				LD_RUNPATH_SEARCH_PATHS = "$(inherited) @executable_path/Frameworks @loader_path/Frameworks";
				PRODUCT_BUNDLE_IDENTIFIER = com.ssdf.zc.XCImagePickerControllerUITests;
				PRODUCT_NAME = "$(TARGET_NAME)";
				TEST_TARGET_NAME = XCImagePickerController;
			};
			name = Debug;
		};
		7D8556231D1798A70017F1A4 /* Release */ = {
			isa = XCBuildConfiguration;
			buildSettings = {
				INFOPLIST_FILE = XCImagePickerControllerUITests/Info.plist;
				LD_RUNPATH_SEARCH_PATHS = "$(inherited) @executable_path/Frameworks @loader_path/Frameworks";
				PRODUCT_BUNDLE_IDENTIFIER = com.ssdf.zc.XCImagePickerControllerUITests;
				PRODUCT_NAME = "$(TARGET_NAME)";
				TEST_TARGET_NAME = XCImagePickerController;
			};
			name = Release;
		};
/* End XCBuildConfiguration section */

/* Begin XCConfigurationList section */
		7D8555E91D1798A70017F1A4 /* Build configuration list for PBXProject "XCImagePickerController" */ = {
			isa = XCConfigurationList;
			buildConfigurations = (
				7D8556191D1798A70017F1A4 /* Debug */,
				7D85561A1D1798A70017F1A4 /* Release */,
			);
			defaultConfigurationIsVisible = 0;
			defaultConfigurationName = Release;
		};
		7D85561B1D1798A70017F1A4 /* Build configuration list for PBXNativeTarget "XCImagePickerController" */ = {
			isa = XCConfigurationList;
			buildConfigurations = (
				7D85561C1D1798A70017F1A4 /* Debug */,
				7D85561D1D1798A70017F1A4 /* Release */,
			);
			defaultConfigurationIsVisible = 0;
		};
		7D85561E1D1798A70017F1A4 /* Build configuration list for PBXNativeTarget "XCImagePickerControllerTests" */ = {
			isa = XCConfigurationList;
			buildConfigurations = (
				7D85561F1D1798A70017F1A4 /* Debug */,
				7D8556201D1798A70017F1A4 /* Release */,
			);
			defaultConfigurationIsVisible = 0;
		};
		7D8556211D1798A70017F1A4 /* Build configuration list for PBXNativeTarget "XCImagePickerControllerUITests" */ = {
			isa = XCConfigurationList;
			buildConfigurations = (
				7D8556221D1798A70017F1A4 /* Debug */,
				7D8556231D1798A70017F1A4 /* Release */,
			);
			defaultConfigurationIsVisible = 0;
		};
/* End XCConfigurationList section */
	};
	rootObject = 7D8555E61D1798A70017F1A4 /* Project object */;
}
